
Microsoft Visual Studio Solution File, Format Version 12.00
# Visual Studio Version 17
VisualStudioVersion = 17.6.33620.401
MinimumVisualStudioVersion = 10.0.40219.1
Project("{8BC9CEB8-8B4A-11D0-8D11-00A0C91BC942}") = "Relativistic_Hash_Table", "Relativistic_Hash_Table\Relativistic_Hash_Table.vcxproj", "{4C7A7FA4-60F6-42F4-B5D7-0FBFB4A4F034}"
EndProject
Global
	GlobalSection(SolutionConfigurationPlatforms) = preSolution
		Debug|x64 = Debug|x64
		Debug|x86 = Debug|x86
		Release|x64 = Release|x64
		Release|x86 = Release|x86
	EndGlobalSection
	GlobalSection(ProjectConfigurationPlatforms) = postSolution
		{4C7A7FA4-60F6-42F4-B5D7-0FBFB4A4F034}.Debug|x64.ActiveCfg = Debug|x64
		{4C7A7FA4-60F6-42F4-B5D7-0FBFB4A4F034}.Debug|x64.Build.0 = Debug|x64
		{4C7A7FA4-60F6-42F4-B5D7-0FBFB4A4F034}.Debug|x86.ActiveCfg = Debug|Win32
		{4C7A7FA4-60F6-42F4-B5D7-0FBFB4A4F034}.Debug|x86.Build.0 = Debug|Win32
		{4C7A7FA4-60F6-42F4-B5D7-0FBFB4A4F034}.Release|x64.ActiveCfg = Release|x64
		{4C7A7FA4-60F6-42F4-B5D7-0FBFB4A4F034}.Release|x64.Build.0 = Release|x64
		{4C7A7FA4-60F6-42F4-B5D7-0FBFB4A4F034}.Release|x86.ActiveCfg = Release|Win32
		{4C7A7FA4-60F6-42F4-B5D7-0FBFB4A4F034}.Release|x86.Build.0 = Release|Win32
	EndGlobalSection
	GlobalSection(SolutionProperties) = preSolution
		HideSolutionNode = FALSE
	EndGlobalSection
	GlobalSection(ExtensibilityGlobals) = postSolution
		SolutionGuid = {57146FB3-E576-4B95-B6CC-87FD86B81AA4}
	EndGlobalSection
EndGlobal
