<?xml version="1.0" encoding="utf-8"?>
<Project ToolsVersion="4.0" xmlns="http://schemas.microsoft.com/developer/msbuild/2003">
  <ItemGroup>
    <Filter Include="Source Files">
      <UniqueIdentifier>{4FC737F1-C7A5-4376-A066-2A32D752A2FF}</UniqueIdentifier>
      <Extensions>cpp;c;cc;cxx;c++;cppm;ixx;def;odl;idl;hpj;bat;asm;asmx</Extensions>
    </Filter>
    <Filter Include="Header Files">
      <UniqueIdentifier>{93995380-89BD-4b04-88EB-625FBE52EBFB}</UniqueIdentifier>
      <Extensions>h;hh;hpp;hxx;h++;hm;inl;inc;ipp;xsd</Extensions>
    </Filter>
    <Filter Include="Resource Files">
      <UniqueIdentifier>{67DA6AB6-F800-4c08-8B7A-83BB121AAD01}</UniqueIdentifier>
      <Extensions>rc;ico;cur;bmp;dlg;rc2;rct;bin;rgs;gif;jpg;jpeg;jpe;resx;tiff;tif;png;wav;mfcribbon-ms</Extensions>
    </Filter>
    <Filter Include="Source Files\LibSource">
      <UniqueIdentifier>{843c3d96-6bf6-4bc9-a3a3-592a0d6ca45d}</UniqueIdentifier>
    </Filter>
    <Filter Include="Source Files\LibSource\include">
      <UniqueIdentifier>{79e031db-4a32-4414-8c18-9a5a1399aed8}</UniqueIdentifier>
    </Filter>
    <Filter Include="Source Files\TestsAndExamples">
      <UniqueIdentifier>{90639a6d-f596-4bdf-a6ae-6a6c8d5eee7a}</UniqueIdentifier>
    </Filter>
  </ItemGroup>
  <ItemGroup>
    <ClInclude Include="LibSource\include\RCUApi.h">
      <Filter>Source Files\LibSource\include</Filter>
    </ClInclude>
    <ClInclude Include="LibSource\include\RCUHashTableApi.h">
      <Filter>Source Files\LibSource\include</Filter>
    </ClInclude>
    <ClInclude Include="LibSource\include\RCUTypes.h">
      <Filter>Source Files\LibSource\include</Filter>
    </ClInclude>
    <ClInclude Include="LibSource\include\RCUHashTableTypes.h">
      <Filter>Source Files\LibSource\include</Filter>
    </ClInclude>
    <ClInclude Include="TestsAndExamples\RCUTests.h">
      <Filter>Source Files\TestsAndExamples</Filter>
    </ClInclude>
  </ItemGroup>
  <ItemGroup>
    <ClCompile Include="LibSource\RCU.cpp">
      <Filter>Source Files\LibSource</Filter>
    </ClCompile>
    <ClCompile Include="LibSource\RCUHashTable.cpp">
      <Filter>Source Files\LibSource</Filter>
    </ClCompile>
    <ClCompile Include="TestsAndExamples\RCUTests.cpp">
      <Filter>Source Files\TestsAndExamples</Filter>
    </ClCompile>
    <ClCompile Include="main.cpp">
      <Filter>Source Files</Filter>
    </ClCompile>
  </ItemGroup>
</Project>